{
  "name": "timer-set",
  "version": "1.0.5",
  "lockfileVersion": 1,
  "requires": true,
  "dependencies": {
    "trapit": {
      "version": "1.0.4",
      "resolved": "https://registry.npmjs.org/trapit/-/trapit-1.0.4.tgz",
      "integrity": "sha512-P8VVLlsT20nq9TT8A2M7tP0u91/+usfOiv22Z1eaf/vGdXKUTVAJTLVhcyVdhQ3fUyWy+8UMqVBJQ/oEaIwTTA==",
      "dev": true
    }
  }
}
