{
  "name": "timer-set",
  "version": "1.0.0",
  "lockfileVersion": 1,
  "requires": true,
  "dependencies": {
    "trapit": {
      "version": "1.0.0",
      "resolved": "https://registry.npmjs.org/trapit/-/trapit-1.0.0.tgz",
      "integrity": "sha512-RYnPLDBpWValCZ9B89jsou71xM3JFtrerGU+xVT3IDcmoXoAwhjE9WS8yZBFfHlCByRvG1yGDaYEDsRtVj8tZw==",
      "dev": true
    }
  }
}
